github.com/Nigel2392/typeutils v1.0.0 h1:AjG+EqJjmVxMNlcQPGAMGO9oX/ojgVQ/oPxehDS9Lo8=
github.com/Nigel2392/typeutils v1.0.0/go.mod h1:EImP292xlSaMzezVdG1rL1qppZl9azUBiuBO9m9iBv8=
github.com/TwiN/go-color v1.2.0 h1:Z18GljqDd5aSmIBYwp2JKLH9H63fd79MzFdW79fDt2k=
github.com/TwiN/go-color v1.2.0/go.mod h1:0QTVEPlu+AoCyTrho7bXbVkrCkVpdQr7YF7PYWEtSxM=
